
Microsoft Visual Studio Solution File, Format Version 12.00
# Visual Studio Version 17
VisualStudioVersion = 17.5.33516.290
MinimumVisualStudioVersion = 10.0.40219.1
Project("{FAE04EC0-301F-11D3-BF4B-00C04F79EFBC}") = "ProgramMVC", "ProgramMVC\ProgramMVC.csproj", "{59633F1D-9156-4CCA-AB52-CA7EDA214476}"
EndProject
Project("{FAE04EC0-301F-11D3-BF4B-00C04F79EFBC}") = "APIServiceLibrary", "APIServiceLibrary\APIServiceLibrary.csproj", "{579295CF-E89E-4DB6-9A3B-65CFAD6EA2FD}"
EndProject
Global
	GlobalSection(SolutionConfigurationPlatforms) = preSolution
		Debug|Any CPU = Debug|Any CPU
		Release|Any CPU = Release|Any CPU
	EndGlobalSection
	GlobalSection(ProjectConfigurationPlatforms) = postSolution
		{59633F1D-9156-4CCA-AB52-CA7EDA214476}.Debug|Any CPU.ActiveCfg = Debug|Any CPU
		{59633F1D-9156-4CCA-AB52-CA7EDA214476}.Debug|Any CPU.Build.0 = Debug|Any CPU
		{59633F1D-9156-4CCA-AB52-CA7EDA214476}.Release|Any CPU.ActiveCfg = Release|Any CPU
		{59633F1D-9156-4CCA-AB52-CA7EDA214476}.Release|Any CPU.Build.0 = Release|Any CPU
		{579295CF-E89E-4DB6-9A3B-65CFAD6EA2FD}.Debug|Any CPU.ActiveCfg = Debug|Any CPU
		{579295CF-E89E-4DB6-9A3B-65CFAD6EA2FD}.Debug|Any CPU.Build.0 = Debug|Any CPU
		{579295CF-E89E-4DB6-9A3B-65CFAD6EA2FD}.Release|Any CPU.ActiveCfg = Release|Any CPU
		{579295CF-E89E-4DB6-9A3B-65CFAD6EA2FD}.Release|Any CPU.Build.0 = Release|Any CPU
	EndGlobalSection
	GlobalSection(SolutionProperties) = preSolution
		HideSolutionNode = FALSE
	EndGlobalSection
	GlobalSection(ExtensibilityGlobals) = postSolution
		SolutionGuid = {D72CEB45-F540-4E2A-9DC8-ED59B58FEE30}
	EndGlobalSection
EndGlobal
